// !$*UTF8*$!
{
	archiveVersion = 1;
	classes = {
	};
	objectVersion = 56;
	objects = {

/* Begin PBXBuildFile section */
		955A72FF29704D9F0012D312 /* SimpleToDo_MVVMApp.swift in Sources */ = {isa = PBXBuildFile; fileRef = 955A72FE29704D9F0012D312 /* SimpleToDo_MVVMApp.swift */; };
		955A730129704D9F0012D312 /* ContentView.swift in Sources */ = {isa = PBXBuildFile; fileRef = 955A730029704D9F0012D312 /* ContentView.swift */; };
		955A730329704DA00012D312 /* Assets.xcassets in Resources */ = {isa = PBXBuildFile; fileRef = 955A730229704DA00012D312 /* Assets.xcassets */; };
		955A730629704DA00012D312 /* Preview Assets.xcassets in Resources */ = {isa = PBXBuildFile; fileRef = 955A730529704DA00012D312 /* Preview Assets.xcassets */; };
		955A731229704DCF0012D312 /* TaskModel.swift in Sources */ = {isa = PBXBuildFile; fileRef = 955A730D29704DCF0012D312 /* TaskModel.swift */; };
		955A731329704DCF0012D312 /* TaskListVM.swift in Sources */ = {isa = PBXBuildFile; fileRef = 955A730F29704DCF0012D312 /* TaskListVM.swift */; };
		955A731429704DCF0012D312 /* TaskListView.swift in Sources */ = {isa = PBXBuildFile; fileRef = 955A731129704DCF0012D312 /* TaskListView.swift */; };
		955A7316297055CE0012D312 /* AddTaskView.swift in Sources */ = {isa = PBXBuildFile; fileRef = 955A7315297055CE0012D312 /* AddTaskView.swift */; };
/* End PBXBuildFile section */

/* Begin PBXFileReference section */
		955A72FB29704D9F0012D312 /* SimpleToDo-MVVM.app */ = {isa = PBXFileReference; explicitFileType = wrapper.application; includeInIndex = 0; path = "SimpleToDo-MVVM.app"; sourceTree = BUILT_PRODUCTS_DIR; };
		955A72FE29704D9F0012D312 /* SimpleToDo_MVVMApp.swift */ = {isa = PBXFileReference; lastKnownFileType = sourcecode.swift; path = SimpleToDo_MVVMApp.swift; sourceTree = "<group>"; };
		955A730029704D9F0012D312 /* ContentView.swift */ = {isa = PBXFileReference; lastKnownFileType = sourcecode.swift; path = ContentView.swift; sourceTree = "<group>"; };
		955A730229704DA00012D312 /* Assets.xcassets */ = {isa = PBXFileReference; lastKnownFileType = folder.assetcatalog; path = Assets.xcassets; sourceTree = "<group>"; };
		955A730529704DA00012D312 /* Preview Assets.xcassets */ = {isa = PBXFileReference; lastKnownFileType = folder.assetcatalog; path = "Preview Assets.xcassets"; sourceTree = "<group>"; };
		955A730D29704DCF0012D312 /* TaskModel.swift */ = {isa = PBXFileReference; fileEncoding = 4; lastKnownFileType = sourcecode.swift; path = TaskModel.swift; sourceTree = "<group>"; };
		955A730F29704DCF0012D312 /* TaskListVM.swift */ = {isa = PBXFileReference; fileEncoding = 4; lastKnownFileType = sourcecode.swift; path = TaskListVM.swift; sourceTree = "<group>"; };
		955A731129704DCF0012D312 /* TaskListView.swift */ = {isa = PBXFileReference; fileEncoding = 4; lastKnownFileType = sourcecode.swift; path = TaskListView.swift; sourceTree = "<group>"; };
		955A7315297055CE0012D312 /* AddTaskView.swift */ = {isa = PBXFileReference; lastKnownFileType = sourcecode.swift; path = AddTaskView.swift; sourceTree = "<group>"; };
/* End PBXFileReference section */

/* Begin PBXFrameworksBuildPhase section */
		955A72F829704D9F0012D312 /* Frameworks */ = {
			isa = PBXFrameworksBuildPhase;
			buildActionMask = 2147483647;
			files = (
			);
			runOnlyForDeploymentPostprocessing = 0;
		};
/* End PBXFrameworksBuildPhase section */

/* Begin PBXGroup section */
		955A72F229704D9F0012D312 = {
			isa = PBXGroup;
			children = (
				955A72FD29704D9F0012D312 /* SimpleToDo-MVVM */,
				955A72FC29704D9F0012D312 /* Products */,
			);
			sourceTree = "<group>";
		};
		955A72FC29704D9F0012D312 /* Products */ = {
			isa = PBXGroup;
			children = (
				955A72FB29704D9F0012D312 /* SimpleToDo-MVVM.app */,
			);
			name = Products;
			sourceTree = "<group>";
		};
		955A72FD29704D9F0012D312 /* SimpleToDo-MVVM */ = {
			isa = PBXGroup;
			children = (
				955A730C29704DCF0012D312 /* Model */,
				955A731029704DCF0012D312 /* View */,
				955A730E29704DCF0012D312 /* ViewModel */,
				955A72FE29704D9F0012D312 /* SimpleToDo_MVVMApp.swift */,
				955A730029704D9F0012D312 /* ContentView.swift */,
				955A730229704DA00012D312 /* Assets.xcassets */,
				955A730429704DA00012D312 /* Preview Content */,
			);
			path = "SimpleToDo-MVVM";
			sourceTree = "<group>";
		};
		955A730429704DA00012D312 /* Preview Content */ = {
			isa = PBXGroup;
			children = (
				955A730529704DA00012D312 /* Preview Assets.xcassets */,
			);
			path = "Preview Content";
			sourceTree = "<group>";
		};
		955A730C29704DCF0012D312 /* Model */ = {
			isa = PBXGroup;
			children = (
				955A730D29704DCF0012D312 /* TaskModel.swift */,
			);
			name = Model;
			path = "../../ToDo-MVVM/ToDo-MVVM/Model";
			sourceTree = "<group>";
		};
		955A730E29704DCF0012D312 /* ViewModel */ = {
			isa = PBXGroup;
			children = (
				955A730F29704DCF0012D312 /* TaskListVM.swift */,
			);
			name = ViewModel;
			path = "../../ToDo-MVVM/ToDo-MVVM/ViewModel";
			sourceTree = "<group>";
		};
		955A731029704DCF0012D312 /* View */ = {
			isa = PBXGroup;
			children = (
				955A731129704DCF0012D312 /* TaskListView.swift */,
				955A7315297055CE0012D312 /* AddTaskView.swift */,
			);
			name = View;
			path = "../../ToDo-MVVM/ToDo-MVVM/View";
			sourceTree = "<group>";
		};
/* End PBXGroup section */

/* Begin PBXNativeTarget section */
		955A72FA29704D9F0012D312 /* SimpleToDo-MVVM */ = {
			isa = PBXNativeTarget;
			buildConfigurationList = 955A730929704DA00012D312 /* Build configuration list for PBXNativeTarget "SimpleToDo-MVVM" */;
			buildPhases = (
				955A72F729704D9F0012D312 /* Sources */,
				955A72F829704D9F0012D312 /* Frameworks */,
				955A72F929704D9F0012D312 /* Resources */,
			);
			buildRules = (
			);
			dependencies = (
			);
			name = "SimpleToDo-MVVM";
			productName = "SimpleToDo-MVVM";
			productReference = 955A72FB29704D9F0012D312 /* SimpleToDo-MVVM.app */;
			productType = "com.apple.product-type.application";
		};
/* End PBXNativeTarget section */

/* Begin PBXProject section */
		955A72F329704D9F0012D312 /* Project object */ = {
			isa = PBXProject;
			attributes = {
				BuildIndependentTargetsInParallel = 1;
				LastSwiftUpdateCheck = 1420;
				LastUpgradeCheck = 1420;
				TargetAttributes = {
					955A72FA29704D9F0012D312 = {
						CreatedOnToolsVersion = 14.2;
					};
				};
			};
			buildConfigurationList = 955A72F629704D9F0012D312 /* Build configuration list for PBXProject "SimpleToDo-MVVM" */;
			compatibilityVersion = "Xcode 14.0";
			developmentRegion = en;
			hasScannedForEncodings = 0;
			knownRegions = (
				en,
				Base,
			);
			mainGroup = 955A72F229704D9F0012D312;
			productRefGroup = 955A72FC29704D9F0012D312 /* Products */;
			projectDirPath = "";
			projectRoot = "";
			targets = (
				955A72FA29704D9F0012D312 /* SimpleToDo-MVVM */,
			);
		};
/* End PBXProject section */

/* Begin PBXResourcesBuildPhase section */
		955A72F929704D9F0012D312 /* Resources */ = {
			isa = PBXResourcesBuildPhase;
			buildActionMask = 2147483647;
			files = (
				955A730629704DA00012D312 /* Preview Assets.xcassets in Resources */,
				955A730329704DA00012D312 /* Assets.xcassets in Resources */,
			);
			runOnlyForDeploymentPostprocessing = 0;
		};
/* End PBXResourcesBuildPhase section */

/* Begin PBXSourcesBuildPhase section */
		955A72F729704D9F0012D312 /* Sources */ = {
			isa = PBXSourcesBuildPhase;
			buildActionMask = 2147483647;
			files = (
				955A731229704DCF0012D312 /* TaskModel.swift in Sources */,
				955A731329704DCF0012D312 /* TaskListVM.swift in Sources */,
				955A731429704DCF0012D312 /* TaskListView.swift in Sources */,
				955A7316297055CE0012D312 /* AddTaskView.swift in Sources */,
				955A730129704D9F0012D312 /* ContentView.swift in Sources */,
				955A72FF29704D9F0012D312 /* SimpleToDo_MVVMApp.swift in Sources */,
			);
			runOnlyForDeploymentPostprocessing = 0;
		};
/* End PBXSourcesBuildPhase section */

/* Begin XCBuildConfiguration section */
		955A730729704DA00012D312 /* Debug */ = {
			isa = XCBuildConfiguration;
			buildSettings = {
				ALWAYS_SEARCH_USER_PATHS = NO;
				CLANG_ANALYZER_NONNULL = YES;
				CLANG_ANALYZER_NUMBER_OBJECT_CONVERSION = YES_AGGRESSIVE;
				CLANG_CXX_LANGUAGE_STANDARD = "gnu++20";
				CLANG_ENABLE_MODULES = YES;
				CLANG_ENABLE_OBJC_ARC = YES;
				CLANG_ENABLE_OBJC_WEAK = YES;
				CLANG_WARN_BLOCK_CAPTURE_AUTORELEASING = YES;
				CLANG_WARN_BOOL_CONVERSION = YES;
				CLANG_WARN_COMMA = YES;
				CLANG_WARN_CONSTANT_CONVERSION = YES;
				CLANG_WARN_DEPRECATED_OBJC_IMPLEMENTATIONS = YES;
				CLANG_WARN_DIRECT_OBJC_ISA_USAGE = YES_ERROR;
				CLANG_WARN_DOCUMENTATION_COMMENTS = YES;
				CLANG_WARN_EMPTY_BODY = YES;
				CLANG_WARN_ENUM_CONVERSION = YES;
				CLANG_WARN_INFINITE_RECURSION = YES;
				CLANG_WARN_INT_CONVERSION = YES;
				CLANG_WARN_NON_LITERAL_NULL_CONVERSION = YES;
				CLANG_WARN_OBJC_IMPLICIT_RETAIN_SELF = YES;
				CLANG_WARN_OBJC_LITERAL_CONVERSION = YES;
				CLANG_WARN_OBJC_ROOT_CLASS = YES_ERROR;
				CLANG_WARN_QUOTED_INCLUDE_IN_FRAMEWORK_HEADER = YES;
				CLANG_WARN_RANGE_LOOP_ANALYSIS = YES;
				CLANG_WARN_STRICT_PROTOTYPES = YES;
				CLANG_WARN_SUSPICIOUS_MOVE = YES;
				CLANG_WARN_UNGUARDED_AVAILABILITY = YES_AGGRESSIVE;
				CLANG_WARN_UNREACHABLE_CODE = YES;
				CLANG_WARN__DUPLICATE_METHOD_MATCH = YES;
				COPY_PHASE_STRIP = NO;
				DEBUG_INFORMATION_FORMAT = dwarf;
				ENABLE_STRICT_OBJC_MSGSEND = YES;
				ENABLE_TESTABILITY = YES;
				GCC_C_LANGUAGE_STANDARD = gnu11;
				GCC_DYNAMIC_NO_PIC = NO;
				GCC_NO_COMMON_BLOCKS = YES;
				GCC_OPTIMIZATION_LEVEL = 0;
				GCC_PREPROCESSOR_DEFINITIONS = (
					"DEBUG=1",
					"$(inherited)",
				);
				GCC_WARN_64_TO_32_BIT_CONVERSION = YES;
				GCC_WARN_ABOUT_RETURN_TYPE = YES_ERROR;
				GCC_WARN_UNDECLARED_SELECTOR = YES;
				GCC_WARN_UNINITIALIZED_AUTOS = YES_AGGRESSIVE;
				GCC_WARN_UNUSED_FUNCTION = YES;
				GCC_WARN_UNUSED_VARIABLE = YES;
				IPHONEOS_DEPLOYMENT_TARGET = 16.2;
				MTL_ENABLE_DEBUG_INFO = INCLUDE_SOURCE;
				MTL_FAST_MATH = YES;
				ONLY_ACTIVE_ARCH = YES;
				SDKROOT = iphoneos;
				SWIFT_ACTIVE_COMPILATION_CONDITIONS = DEBUG;
				SWIFT_OPTIMIZATION_LEVEL = "-Onone";
			};
			name = Debug;
		};
		955A730829704DA00012D312 /* Release */ = {
			isa = XCBuildConfiguration;
			buildSettings = {
				ALWAYS_SEARCH_USER_PATHS = NO;
				CLANG_ANALYZER_NONNULL = YES;
				CLANG_ANALYZER_NUMBER_OBJECT_CONVERSION = YES_AGGRESSIVE;
				CLANG_CXX_LANGUAGE_STANDARD = "gnu++20";
				CLANG_ENABLE_MODULES = YES;
				CLANG_ENABLE_OBJC_ARC = YES;
				CLANG_ENABLE_OBJC_WEAK = YES;
				CLANG_WARN_BLOCK_CAPTURE_AUTORELEASING = YES;
				CLANG_WARN_BOOL_CONVERSION = YES;
				CLANG_WARN_COMMA = YES;
				CLANG_WARN_CONSTANT_CONVERSION = YES;
				CLANG_WARN_DEPRECATED_OBJC_IMPLEMENTATIONS = YES;
				CLANG_WARN_DIRECT_OBJC_ISA_USAGE = YES_ERROR;
				CLANG_WARN_DOCUMENTATION_COMMENTS = YES;
				CLANG_WARN_EMPTY_BODY = YES;
				CLANG_WARN_ENUM_CONVERSION = YES;
				CLANG_WARN_INFINITE_RECURSION = YES;
				CLANG_WARN_INT_CONVERSION = YES;
				CLANG_WARN_NON_LITERAL_NULL_CONVERSION = YES;
				CLANG_WARN_OBJC_IMPLICIT_RETAIN_SELF = YES;
				CLANG_WARN_OBJC_LITERAL_CONVERSION = YES;
				CLANG_WARN_OBJC_ROOT_CLASS = YES_ERROR;
				CLANG_WARN_QUOTED_INCLUDE_IN_FRAMEWORK_HEADER = YES;
				CLANG_WARN_RANGE_LOOP_ANALYSIS = YES;
				CLANG_WARN_STRICT_PROTOTYPES = YES;
				CLANG_WARN_SUSPICIOUS_MOVE = YES;
				CLANG_WARN_UNGUARDED_AVAILABILITY = YES_AGGRESSIVE;
				CLANG_WARN_UNREACHABLE_CODE = YES;
				CLANG_WARN__DUPLICATE_METHOD_MATCH = YES;
				COPY_PHASE_STRIP = NO;
				DEBUG_INFORMATION_FORMAT = "dwarf-with-dsym";
				ENABLE_NS_ASSERTIONS = NO;
				ENABLE_STRICT_OBJC_MSGSEND = YES;
				GCC_C_LANGUAGE_STANDARD = gnu11;
				GCC_NO_COMMON_BLOCKS = YES;
				GCC_WARN_64_TO_32_BIT_CONVERSION = YES;
				GCC_WARN_ABOUT_RETURN_TYPE = YES_ERROR;
				GCC_WARN_UNDECLARED_SELECTOR = YES;
				GCC_WARN_UNINITIALIZED_AUTOS = YES_AGGRESSIVE;
				GCC_WARN_UNUSED_FUNCTION = YES;
				GCC_WARN_UNUSED_VARIABLE = YES;
				IPHONEOS_DEPLOYMENT_TARGET = 16.2;
				MTL_ENABLE_DEBUG_INFO = NO;
				MTL_FAST_MATH = YES;
				SDKROOT = iphoneos;
				SWIFT_COMPILATION_MODE = wholemodule;
				SWIFT_OPTIMIZATION_LEVEL = "-O";
				VALIDATE_PRODUCT = YES;
			};
			name = Release;
		};
		955A730A29704DA00012D312 /* Debug */ = {
			isa = XCBuildConfiguration;
			buildSettings = {
				ASSETCATALOG_COMPILER_APPICON_NAME = AppIcon;
				ASSETCATALOG_COMPILER_GLOBAL_ACCENT_COLOR_NAME = AccentColor;
				CODE_SIGN_STYLE = Automatic;
				CURRENT_PROJECT_VERSION = 1;
				DEVELOPMENT_ASSET_PATHS = "\"SimpleToDo-MVVM/Preview Content\"";
				DEVELOPMENT_TEAM = 8AWQT363B9;
				ENABLE_PREVIEWS = YES;
				GENERATE_INFOPLIST_FILE = YES;
				INFOPLIST_KEY_UIApplicationSceneManifest_Generation = YES;
				INFOPLIST_KEY_UIApplicationSupportsIndirectInputEvents = YES;
				INFOPLIST_KEY_UILaunchScreen_Generation = YES;
				INFOPLIST_KEY_UISupportedInterfaceOrientations_iPad = "UIInterfaceOrientationPortrait UIInterfaceOrientationPortraitUpsideDown UIInterfaceOrientationLandscapeLeft UIInterfaceOrientationLandscapeRight";
				INFOPLIST_KEY_UISupportedInterfaceOrientations_iPhone = "UIInterfaceOrientationPortrait UIInterfaceOrientationLandscapeLeft UIInterfaceOrientationLandscapeRight";
				LD_RUNPATH_SEARCH_PATHS = (
					"$(inherited)",
					"@executable_path/Frameworks",
				);
				MARKETING_VERSION = 1.0;
				PRODUCT_BUNDLE_IDENTIFIER = "com.yojioha.SimpleToDo-MVVM";
				PRODUCT_NAME = "$(TARGET_NAME)";
				SWIFT_EMIT_LOC_STRINGS = YES;
				SWIFT_VERSION = 5.0;
				TARGETED_DEVICE_FAMILY = "1,2";
			};
			name = Debug;
		};
		955A730B29704DA00012D312 /* Release */ = {
			isa = XCBuildConfiguration;
			buildSettings = {
				ASSETCATALOG_COMPILER_APPICON_NAME = AppIcon;
				ASSETCATALOG_COMPILER_GLOBAL_ACCENT_COLOR_NAME = AccentColor;
				CODE_SIGN_STYLE = Automatic;
				CURRENT_PROJECT_VERSION = 1;
				DEVELOPMENT_ASSET_PATHS = "\"SimpleToDo-MVVM/Preview Content\"";
				DEVELOPMENT_TEAM = 8AWQT363B9;
				ENABLE_PREVIEWS = YES;
				GENERATE_INFOPLIST_FILE = YES;
				INFOPLIST_KEY_UIApplicationSceneManifest_Generation = YES;
				INFOPLIST_KEY_UIApplicationSupportsIndirectInputEvents = YES;
				INFOPLIST_KEY_UILaunchScreen_Generation = YES;
				INFOPLIST_KEY_UISupportedInterfaceOrientations_iPad = "UIInterfaceOrientationPortrait UIInterfaceOrientationPortraitUpsideDown UIInterfaceOrientationLandscapeLeft UIInterfaceOrientationLandscapeRight";
				INFOPLIST_KEY_UISupportedInterfaceOrientations_iPhone = "UIInterfaceOrientationPortrait UIInterfaceOrientationLandscapeLeft UIInterfaceOrientationLandscapeRight";
				LD_RUNPATH_SEARCH_PATHS = (
					"$(inherited)",
					"@executable_path/Frameworks",
				);
				MARKETING_VERSION = 1.0;
				PRODUCT_BUNDLE_IDENTIFIER = "com.yojioha.SimpleToDo-MVVM";
				PRODUCT_NAME = "$(TARGET_NAME)";
				SWIFT_EMIT_LOC_STRINGS = YES;
				SWIFT_VERSION = 5.0;
				TARGETED_DEVICE_FAMILY = "1,2";
			};
			name = Release;
		};
/* End XCBuildConfiguration section */

/* Begin XCConfigurationList section */
		955A72F629704D9F0012D312 /* Build configuration list for PBXProject "SimpleToDo-MVVM" */ = {
			isa = XCConfigurationList;
			buildConfigurations = (
				955A730729704DA00012D312 /* Debug */,
				955A730829704DA00012D312 /* Release */,
			);
			defaultConfigurationIsVisible = 0;
			defaultConfigurationName = Release;
		};
		955A730929704DA00012D312 /* Build configuration list for PBXNativeTarget "SimpleToDo-MVVM" */ = {
			isa = XCConfigurationList;
			buildConfigurations = (
				955A730A29704DA00012D312 /* Debug */,
				955A730B29704DA00012D312 /* Release */,
			);
			defaultConfigurationIsVisible = 0;
			defaultConfigurationName = Release;
		};
/* End XCConfigurationList section */
	};
	rootObject = 955A72F329704D9F0012D312 /* Project object */;
}
